
Microsoft Visual Studio Solution File, Format Version 12.00
# Visual Studio Version 17
VisualStudioVersion = 17.0.31912.275
MinimumVisualStudioVersion = 10.0.40219.1
Project("{FAE04EC0-301F-11D3-BF4B-00C04F79EFBC}") = "MediaGeralPOO", "MediaGeralPOO\MediaGeralPOO.csproj", "{D3345E05-BC7A-4063-BD66-BC277176644F}"
EndProject
Global
	GlobalSection(SolutionConfigurationPlatforms) = preSolution
		Debug|Any CPU = Debug|Any CPU
		Release|Any CPU = Release|Any CPU
	EndGlobalSection
	GlobalSection(ProjectConfigurationPlatforms) = postSolution
		{D3345E05-BC7A-4063-BD66-BC277176644F}.Debug|Any CPU.ActiveCfg = Debug|Any CPU
		{D3345E05-BC7A-4063-BD66-BC277176644F}.Debug|Any CPU.Build.0 = Debug|Any CPU
		{D3345E05-BC7A-4063-BD66-BC277176644F}.Release|Any CPU.ActiveCfg = Release|Any CPU
		{D3345E05-BC7A-4063-BD66-BC277176644F}.Release|Any CPU.Build.0 = Release|Any CPU
	EndGlobalSection
	GlobalSection(SolutionProperties) = preSolution
		HideSolutionNode = FALSE
	EndGlobalSection
	GlobalSection(ExtensibilityGlobals) = postSolution
		SolutionGuid = {B912CBC8-7E3F-4711-B82F-B0B7016D7A28}
	EndGlobalSection
EndGlobal
